
Microsoft Visual Studio Solution File, Format Version 12.00
# Visual Studio 15
VisualStudioVersion = 15.0.28307.489
MinimumVisualStudioVersion = 10.0.40219.1
Project("{FAE04EC0-301F-11D3-BF4B-00C04F79EFBC}") = "ExempleTest", "ExempleTest\ExempleTest.csproj", "{33C0081A-6A68-4CB3-AE57-9DAECBCCAA56}"
EndProject
Project("{FAE04EC0-301F-11D3-BF4B-00C04F79EFBC}") = "ExempleTest.Test", "ExempleTest.Test\ExempleTest.Test.csproj", "{2B5DCD39-17B1-4E1D-8899-8DFEDABE338A}"
EndProject
Global
	GlobalSection(SolutionConfigurationPlatforms) = preSolution
		Debug|Any CPU = Debug|Any CPU
		Release|Any CPU = Release|Any CPU
	EndGlobalSection
	GlobalSection(ProjectConfigurationPlatforms) = postSolution
		{33C0081A-6A68-4CB3-AE57-9DAECBCCAA56}.Debug|Any CPU.ActiveCfg = Debug|Any CPU
		{33C0081A-6A68-4CB3-AE57-9DAECBCCAA56}.Debug|Any CPU.Build.0 = Debug|Any CPU
		{33C0081A-6A68-4CB3-AE57-9DAECBCCAA56}.Release|Any CPU.ActiveCfg = Release|Any CPU
		{33C0081A-6A68-4CB3-AE57-9DAECBCCAA56}.Release|Any CPU.Build.0 = Release|Any CPU
		{2B5DCD39-17B1-4E1D-8899-8DFEDABE338A}.Debug|Any CPU.ActiveCfg = Debug|Any CPU
		{2B5DCD39-17B1-4E1D-8899-8DFEDABE338A}.Debug|Any CPU.Build.0 = Debug|Any CPU
		{2B5DCD39-17B1-4E1D-8899-8DFEDABE338A}.Release|Any CPU.ActiveCfg = Release|Any CPU
		{2B5DCD39-17B1-4E1D-8899-8DFEDABE338A}.Release|Any CPU.Build.0 = Release|Any CPU
	EndGlobalSection
	GlobalSection(SolutionProperties) = preSolution
		HideSolutionNode = FALSE
	EndGlobalSection
	GlobalSection(ExtensibilityGlobals) = postSolution
		SolutionGuid = {DD81A603-B06A-4D0F-9F6C-4392BC6A3A52}
	EndGlobalSection
EndGlobal
